{
  "name": "welcome-for-cli",
  "version": "1.0.3",
  "lockfileVersion": 2,
  "requires": true,
  "packages": {
    "": {
      "name": "welcome-for-cli",
      "version": "1.0.3",
      "license": "MIT",
      "dependencies": {
        "chalk": "^5.0.1",
        "clear-my-console": "^1.0.3"
      }
    },
    "node_modules/chalk": {
      "version": "5.0.1",
      "resolved": "https://registry.npmjs.org/chalk/-/chalk-5.0.1.tgz",
      "integrity": "sha512-Fo07WOYGqMfCWHOzSXOt2CxDbC6skS/jO9ynEcmpANMoPrD+W1r1K6Vx7iNm+AQmETU1Xr2t+n8nzkV9t6xh3w==",
      "engines": {
        "node": "^12.17.0 || ^14.13 || >=16.0.0"
      },
      "funding": {
        "url": "https://github.com/chalk/chalk?sponsor=1"
      }
    },
    "node_modules/clear-my-console": {
      "version": "1.0.3",
      "resolved": "https://registry.npmjs.org/clear-my-console/-/clear-my-console-1.0.3.tgz",
      "integrity": "sha512-TNg6r5+Iv5Hetr1q4sS/D5Mhg4N9IViJu0rUbM4yxxmQRPvEDxrVMH9CDmlktVTBeYo8n+pNuMY8pGSmKSlo2Q==",
      "engines": {
        "node": ">=12.0.0"
      }
    }
  },
  "dependencies": {
    "chalk": {
      "version": "5.0.1",
      "resolved": "https://registry.npmjs.org/chalk/-/chalk-5.0.1.tgz",
      "integrity": "sha512-Fo07WOYGqMfCWHOzSXOt2CxDbC6skS/jO9ynEcmpANMoPrD+W1r1K6Vx7iNm+AQmETU1Xr2t+n8nzkV9t6xh3w=="
    },
    "clear-my-console": {
      "version": "1.0.3",
      "resolved": "https://registry.npmjs.org/clear-my-console/-/clear-my-console-1.0.3.tgz",
      "integrity": "sha512-TNg6r5+Iv5Hetr1q4sS/D5Mhg4N9IViJu0rUbM4yxxmQRPvEDxrVMH9CDmlktVTBeYo8n+pNuMY8pGSmKSlo2Q=="
    }
  }
}
